
Microsoft Visual Studio Solution File, Format Version 12.00
# Visual Studio Version 17
VisualStudioVersion = 17.0.31912.275
MinimumVisualStudioVersion = 10.0.40219.1
Project("{2150E333-8FDC-42A3-9474-1A3956D46DE8}") = "global", "global", "{DA723758-803A-4642-B5D7-9D87E16FE81A}"
	ProjectSection(SolutionItems) = preProject
		.editorconfig = .editorconfig
		Directory.Build.props = Directory.Build.props
		README.md = README.md
	EndProjectSection
EndProject
Project("{2150E333-8FDC-42A3-9474-1A3956D46DE8}") = "src", "src", "{926E6B15-2004-46CC-B704-7FDB0E755705}"
EndProject
Project("{2150E333-8FDC-42A3-9474-1A3956D46DE8}") = "tests", "tests", "{5D754FB9-1914-41EC-B468-6946D96C3D81}"
EndProject
Project("{2150E333-8FDC-42A3-9474-1A3956D46DE8}") = "tools", "tools", "{CAC9B80A-B362-4135-AC30-8013D0DB6124}"
EndProject
Project("{9A19103F-16F7-4668-BE54-9A1E7A4F7556}") = "InvoiceXpress", "src\InvoiceXpress\InvoiceXpress.csproj", "{B4E3ADAB-CD9A-4B2E-AE44-16F28F669BA1}"
EndProject
Project("{9A19103F-16F7-4668-BE54-9A1E7A4F7556}") = "InvoiceXpress.Cli", "tools\InvoiceXpress.Cli\InvoiceXpress.Cli.csproj", "{5AE30567-4FB5-4C40-810E-FE55CB4B2739}"
EndProject
Project("{9A19103F-16F7-4668-BE54-9A1E7A4F7556}") = "InvoiceXpress.Json.Tests", "tests\InvoiceXpress.Json.Tests\InvoiceXpress.Json.Tests.csproj", "{63C86D6D-0848-4EB1-9898-350D647D4580}"
EndProject
Project("{9A19103F-16F7-4668-BE54-9A1E7A4F7556}") = "InvoiceXpress.Tests", "tests\InvoiceXpress.Tests\InvoiceXpress.Tests.csproj", "{405CBE74-F646-44F0-87C4-52B9D7997EBE}"
EndProject
Global
	GlobalSection(SolutionConfigurationPlatforms) = preSolution
		Debug|Any CPU = Debug|Any CPU
		Release|Any CPU = Release|Any CPU
	EndGlobalSection
	GlobalSection(ProjectConfigurationPlatforms) = postSolution
		{B4E3ADAB-CD9A-4B2E-AE44-16F28F669BA1}.Debug|Any CPU.ActiveCfg = Debug|Any CPU
		{B4E3ADAB-CD9A-4B2E-AE44-16F28F669BA1}.Debug|Any CPU.Build.0 = Debug|Any CPU
		{B4E3ADAB-CD9A-4B2E-AE44-16F28F669BA1}.Release|Any CPU.ActiveCfg = Release|Any CPU
		{B4E3ADAB-CD9A-4B2E-AE44-16F28F669BA1}.Release|Any CPU.Build.0 = Release|Any CPU
		{5AE30567-4FB5-4C40-810E-FE55CB4B2739}.Debug|Any CPU.ActiveCfg = Debug|Any CPU
		{5AE30567-4FB5-4C40-810E-FE55CB4B2739}.Debug|Any CPU.Build.0 = Debug|Any CPU
		{5AE30567-4FB5-4C40-810E-FE55CB4B2739}.Release|Any CPU.ActiveCfg = Release|Any CPU
		{5AE30567-4FB5-4C40-810E-FE55CB4B2739}.Release|Any CPU.Build.0 = Release|Any CPU
		{63C86D6D-0848-4EB1-9898-350D647D4580}.Debug|Any CPU.ActiveCfg = Debug|Any CPU
		{63C86D6D-0848-4EB1-9898-350D647D4580}.Debug|Any CPU.Build.0 = Debug|Any CPU
		{63C86D6D-0848-4EB1-9898-350D647D4580}.Release|Any CPU.ActiveCfg = Release|Any CPU
		{63C86D6D-0848-4EB1-9898-350D647D4580}.Release|Any CPU.Build.0 = Release|Any CPU
		{405CBE74-F646-44F0-87C4-52B9D7997EBE}.Debug|Any CPU.ActiveCfg = Debug|Any CPU
		{405CBE74-F646-44F0-87C4-52B9D7997EBE}.Debug|Any CPU.Build.0 = Debug|Any CPU
		{405CBE74-F646-44F0-87C4-52B9D7997EBE}.Release|Any CPU.ActiveCfg = Release|Any CPU
		{405CBE74-F646-44F0-87C4-52B9D7997EBE}.Release|Any CPU.Build.0 = Release|Any CPU
	EndGlobalSection
	GlobalSection(SolutionProperties) = preSolution
		HideSolutionNode = FALSE
	EndGlobalSection
	GlobalSection(NestedProjects) = preSolution
		{B4E3ADAB-CD9A-4B2E-AE44-16F28F669BA1} = {926E6B15-2004-46CC-B704-7FDB0E755705}
		{5AE30567-4FB5-4C40-810E-FE55CB4B2739} = {CAC9B80A-B362-4135-AC30-8013D0DB6124}
		{63C86D6D-0848-4EB1-9898-350D647D4580} = {5D754FB9-1914-41EC-B468-6946D96C3D81}
		{405CBE74-F646-44F0-87C4-52B9D7997EBE} = {5D754FB9-1914-41EC-B468-6946D96C3D81}
	EndGlobalSection
	GlobalSection(ExtensibilityGlobals) = postSolution
		SolutionGuid = {15EEB6F3-A067-45F5-987C-824BD8FDEAF9}
	EndGlobalSection
EndGlobal
